
Microsoft Visual Studio Solution File, Format Version 12.00
# Visual Studio Version 16
VisualStudioVersion = 16.0.31112.23
MinimumVisualStudioVersion = 10.0.40219.1
Project("{FAE04EC0-301F-11D3-BF4B-00C04F79EFBC}") = "Poetry_Conpetition", "Poetry_Conpetition\Poetry_Conpetition.csproj", "{FE47FEEB-1B7A-467C-9D9A-D8C72D60B404}"
EndProject
Global
	GlobalSection(SolutionConfigurationPlatforms) = preSolution
		Debug|Any CPU = Debug|Any CPU
		Release|Any CPU = Release|Any CPU
	EndGlobalSection
	GlobalSection(ProjectConfigurationPlatforms) = postSolution
		{FE47FEEB-1B7A-467C-9D9A-D8C72D60B404}.Debug|Any CPU.ActiveCfg = Debug|Any CPU
		{FE47FEEB-1B7A-467C-9D9A-D8C72D60B404}.Debug|Any CPU.Build.0 = Debug|Any CPU
		{FE47FEEB-1B7A-467C-9D9A-D8C72D60B404}.Release|Any CPU.ActiveCfg = Release|Any CPU
		{FE47FEEB-1B7A-467C-9D9A-D8C72D60B404}.Release|Any CPU.Build.0 = Release|Any CPU
	EndGlobalSection
	GlobalSection(SolutionProperties) = preSolution
		HideSolutionNode = FALSE
	EndGlobalSection
	GlobalSection(ExtensibilityGlobals) = postSolution
		SolutionGuid = {1EBD1623-1CD9-4C06-98A1-55978DD09F7C}
	EndGlobalSection
EndGlobal
